
Microsoft Visual Studio Solution File, Format Version 12.00
# Visual Studio Version 16
VisualStudioVersion = 16.0.35325.158
MinimumVisualStudioVersion = 10.0.40219.1
Project("{8BC9CEB8-8B4A-11D0-8D11-00A0C91BC942}") = "Lab_7.2.1", "Lab_7.2.1\Lab_7.2.1.vcxproj", "{49376655-8F20-4E08-9616-8B777AD34DC4}"
EndProject
Project("{8BC9CEB8-8B4A-11D0-8D11-00A0C91BC942}") = "UnitTest_Lab_7.2.1", "UnitTest_Lab_7.2.1\UnitTest_Lab_7.2.1.vcxproj", "{0186CDBA-56B2-49A6-8EB6-883560EF28D1}"
EndProject
Global
	GlobalSection(SolutionConfigurationPlatforms) = preSolution
		Debug|x64 = Debug|x64
		Debug|x86 = Debug|x86
		Release|x64 = Release|x64
		Release|x86 = Release|x86
	EndGlobalSection
	GlobalSection(ProjectConfigurationPlatforms) = postSolution
		{49376655-8F20-4E08-9616-8B777AD34DC4}.Debug|x64.ActiveCfg = Debug|x64
		{49376655-8F20-4E08-9616-8B777AD34DC4}.Debug|x64.Build.0 = Debug|x64
		{49376655-8F20-4E08-9616-8B777AD34DC4}.Debug|x86.ActiveCfg = Debug|Win32
		{49376655-8F20-4E08-9616-8B777AD34DC4}.Debug|x86.Build.0 = Debug|Win32
		{49376655-8F20-4E08-9616-8B777AD34DC4}.Release|x64.ActiveCfg = Release|x64
		{49376655-8F20-4E08-9616-8B777AD34DC4}.Release|x64.Build.0 = Release|x64
		{49376655-8F20-4E08-9616-8B777AD34DC4}.Release|x86.ActiveCfg = Release|Win32
		{49376655-8F20-4E08-9616-8B777AD34DC4}.Release|x86.Build.0 = Release|Win32
		{0186CDBA-56B2-49A6-8EB6-883560EF28D1}.Debug|x64.ActiveCfg = Debug|x64
		{0186CDBA-56B2-49A6-8EB6-883560EF28D1}.Debug|x64.Build.0 = Debug|x64
		{0186CDBA-56B2-49A6-8EB6-883560EF28D1}.Debug|x86.ActiveCfg = Debug|Win32
		{0186CDBA-56B2-49A6-8EB6-883560EF28D1}.Debug|x86.Build.0 = Debug|Win32
		{0186CDBA-56B2-49A6-8EB6-883560EF28D1}.Release|x64.ActiveCfg = Release|x64
		{0186CDBA-56B2-49A6-8EB6-883560EF28D1}.Release|x64.Build.0 = Release|x64
		{0186CDBA-56B2-49A6-8EB6-883560EF28D1}.Release|x86.ActiveCfg = Release|Win32
		{0186CDBA-56B2-49A6-8EB6-883560EF28D1}.Release|x86.Build.0 = Release|Win32
	EndGlobalSection
	GlobalSection(SolutionProperties) = preSolution
		HideSolutionNode = FALSE
	EndGlobalSection
	GlobalSection(ExtensibilityGlobals) = postSolution
		SolutionGuid = {71F40C85-B332-4EE1-811B-F28501E44713}
	EndGlobalSection
EndGlobal
