
Microsoft Visual Studio Solution File, Format Version 12.00
# Visual Studio Version 16
VisualStudioVersion = 16.0.35325.158
MinimumVisualStudioVersion = 10.0.40219.1
Project("{8BC9CEB8-8B4A-11D0-8D11-00A0C91BC942}") = "Lab_1.8", "Lab_1.8\Lab_1.8.vcxproj", "{C02FD3CE-05CE-4004-B5F2-70CBFF29E4DB}"
EndProject
Project("{8BC9CEB8-8B4A-11D0-8D11-00A0C91BC942}") = "UnitTest_Lab_1.8", "UnitTest_Lab_1.8\UnitTest_Lab_1.8.vcxproj", "{D8B1F4DA-039A-4906-A37D-70ED65998786}"
EndProject
Global
	GlobalSection(SolutionConfigurationPlatforms) = preSolution
		Debug|x64 = Debug|x64
		Debug|x86 = Debug|x86
		Release|x64 = Release|x64
		Release|x86 = Release|x86
	EndGlobalSection
	GlobalSection(ProjectConfigurationPlatforms) = postSolution
		{C02FD3CE-05CE-4004-B5F2-70CBFF29E4DB}.Debug|x64.ActiveCfg = Debug|x64
		{C02FD3CE-05CE-4004-B5F2-70CBFF29E4DB}.Debug|x64.Build.0 = Debug|x64
		{C02FD3CE-05CE-4004-B5F2-70CBFF29E4DB}.Debug|x86.ActiveCfg = Debug|Win32
		{C02FD3CE-05CE-4004-B5F2-70CBFF29E4DB}.Debug|x86.Build.0 = Debug|Win32
		{C02FD3CE-05CE-4004-B5F2-70CBFF29E4DB}.Release|x64.ActiveCfg = Release|x64
		{C02FD3CE-05CE-4004-B5F2-70CBFF29E4DB}.Release|x64.Build.0 = Release|x64
		{C02FD3CE-05CE-4004-B5F2-70CBFF29E4DB}.Release|x86.ActiveCfg = Release|Win32
		{C02FD3CE-05CE-4004-B5F2-70CBFF29E4DB}.Release|x86.Build.0 = Release|Win32
		{D8B1F4DA-039A-4906-A37D-70ED65998786}.Debug|x64.ActiveCfg = Debug|x64
		{D8B1F4DA-039A-4906-A37D-70ED65998786}.Debug|x64.Build.0 = Debug|x64
		{D8B1F4DA-039A-4906-A37D-70ED65998786}.Debug|x86.ActiveCfg = Debug|Win32
		{D8B1F4DA-039A-4906-A37D-70ED65998786}.Debug|x86.Build.0 = Debug|Win32
		{D8B1F4DA-039A-4906-A37D-70ED65998786}.Release|x64.ActiveCfg = Release|x64
		{D8B1F4DA-039A-4906-A37D-70ED65998786}.Release|x64.Build.0 = Release|x64
		{D8B1F4DA-039A-4906-A37D-70ED65998786}.Release|x86.ActiveCfg = Release|Win32
		{D8B1F4DA-039A-4906-A37D-70ED65998786}.Release|x86.Build.0 = Release|Win32
	EndGlobalSection
	GlobalSection(SolutionProperties) = preSolution
		HideSolutionNode = FALSE
	EndGlobalSection
	GlobalSection(ExtensibilityGlobals) = postSolution
		SolutionGuid = {6BF6EE01-5322-4623-9FA7-21FEB605090D}
	EndGlobalSection
EndGlobal
