
Microsoft Visual Studio Solution File, Format Version 12.00
# Visual Studio Version 16
VisualStudioVersion = 16.0.35325.158
MinimumVisualStudioVersion = 10.0.40219.1
Project("{8BC9CEB8-8B4A-11D0-8D11-00A0C91BC942}") = "Lab_3.3D", "Lab_3.3D\Lab_3.3D.vcxproj", "{88C9CBE6-0A8A-4959-86BE-A63FE284DC03}"
EndProject
Project("{8BC9CEB8-8B4A-11D0-8D11-00A0C91BC942}") = "UnitTest_Lab_3.3D", "UnitTest_Lab_3.3D\UnitTest_Lab_3.3D.vcxproj", "{28558854-86E6-4C29-8204-4269438AAD1D}"
EndProject
Global
	GlobalSection(SolutionConfigurationPlatforms) = preSolution
		Debug|x64 = Debug|x64
		Debug|x86 = Debug|x86
		Release|x64 = Release|x64
		Release|x86 = Release|x86
	EndGlobalSection
	GlobalSection(ProjectConfigurationPlatforms) = postSolution
		{88C9CBE6-0A8A-4959-86BE-A63FE284DC03}.Debug|x64.ActiveCfg = Debug|x64
		{88C9CBE6-0A8A-4959-86BE-A63FE284DC03}.Debug|x64.Build.0 = Debug|x64
		{88C9CBE6-0A8A-4959-86BE-A63FE284DC03}.Debug|x86.ActiveCfg = Debug|Win32
		{88C9CBE6-0A8A-4959-86BE-A63FE284DC03}.Debug|x86.Build.0 = Debug|Win32
		{88C9CBE6-0A8A-4959-86BE-A63FE284DC03}.Release|x64.ActiveCfg = Release|x64
		{88C9CBE6-0A8A-4959-86BE-A63FE284DC03}.Release|x64.Build.0 = Release|x64
		{88C9CBE6-0A8A-4959-86BE-A63FE284DC03}.Release|x86.ActiveCfg = Release|Win32
		{88C9CBE6-0A8A-4959-86BE-A63FE284DC03}.Release|x86.Build.0 = Release|Win32
		{28558854-86E6-4C29-8204-4269438AAD1D}.Debug|x64.ActiveCfg = Debug|x64
		{28558854-86E6-4C29-8204-4269438AAD1D}.Debug|x64.Build.0 = Debug|x64
		{28558854-86E6-4C29-8204-4269438AAD1D}.Debug|x86.ActiveCfg = Debug|Win32
		{28558854-86E6-4C29-8204-4269438AAD1D}.Debug|x86.Build.0 = Debug|Win32
		{28558854-86E6-4C29-8204-4269438AAD1D}.Release|x64.ActiveCfg = Release|x64
		{28558854-86E6-4C29-8204-4269438AAD1D}.Release|x64.Build.0 = Release|x64
		{28558854-86E6-4C29-8204-4269438AAD1D}.Release|x86.ActiveCfg = Release|Win32
		{28558854-86E6-4C29-8204-4269438AAD1D}.Release|x86.Build.0 = Release|Win32
	EndGlobalSection
	GlobalSection(SolutionProperties) = preSolution
		HideSolutionNode = FALSE
	EndGlobalSection
	GlobalSection(ExtensibilityGlobals) = postSolution
		SolutionGuid = {D63817CE-312A-4991-B13C-FB686A12B677}
	EndGlobalSection
EndGlobal
