
Microsoft Visual Studio Solution File, Format Version 12.00
# Visual Studio Version 16
VisualStudioVersion = 16.0.35325.158
MinimumVisualStudioVersion = 10.0.40219.1
Project("{8BC9CEB8-8B4A-11D0-8D11-00A0C91BC942}") = "Lab_5.3", "Lab_5.3\Lab_5.3.vcxproj", "{DBCCB5C4-E277-40DB-84DA-A66BCE196980}"
EndProject
Project("{8BC9CEB8-8B4A-11D0-8D11-00A0C91BC942}") = "UnitTest_Lab_5.3", "UnitTest_Lab_5.3\UnitTest_Lab_5.3.vcxproj", "{41FB079A-AF3B-4C8E-80C6-B04458A897B7}"
EndProject
Global
	GlobalSection(SolutionConfigurationPlatforms) = preSolution
		Debug|x64 = Debug|x64
		Debug|x86 = Debug|x86
		Release|x64 = Release|x64
		Release|x86 = Release|x86
	EndGlobalSection
	GlobalSection(ProjectConfigurationPlatforms) = postSolution
		{DBCCB5C4-E277-40DB-84DA-A66BCE196980}.Debug|x64.ActiveCfg = Debug|x64
		{DBCCB5C4-E277-40DB-84DA-A66BCE196980}.Debug|x64.Build.0 = Debug|x64
		{DBCCB5C4-E277-40DB-84DA-A66BCE196980}.Debug|x86.ActiveCfg = Debug|Win32
		{DBCCB5C4-E277-40DB-84DA-A66BCE196980}.Debug|x86.Build.0 = Debug|Win32
		{DBCCB5C4-E277-40DB-84DA-A66BCE196980}.Release|x64.ActiveCfg = Release|x64
		{DBCCB5C4-E277-40DB-84DA-A66BCE196980}.Release|x64.Build.0 = Release|x64
		{DBCCB5C4-E277-40DB-84DA-A66BCE196980}.Release|x86.ActiveCfg = Release|Win32
		{DBCCB5C4-E277-40DB-84DA-A66BCE196980}.Release|x86.Build.0 = Release|Win32
		{41FB079A-AF3B-4C8E-80C6-B04458A897B7}.Debug|x64.ActiveCfg = Debug|x64
		{41FB079A-AF3B-4C8E-80C6-B04458A897B7}.Debug|x64.Build.0 = Debug|x64
		{41FB079A-AF3B-4C8E-80C6-B04458A897B7}.Debug|x86.ActiveCfg = Debug|Win32
		{41FB079A-AF3B-4C8E-80C6-B04458A897B7}.Debug|x86.Build.0 = Debug|Win32
		{41FB079A-AF3B-4C8E-80C6-B04458A897B7}.Release|x64.ActiveCfg = Release|x64
		{41FB079A-AF3B-4C8E-80C6-B04458A897B7}.Release|x64.Build.0 = Release|x64
		{41FB079A-AF3B-4C8E-80C6-B04458A897B7}.Release|x86.ActiveCfg = Release|Win32
		{41FB079A-AF3B-4C8E-80C6-B04458A897B7}.Release|x86.Build.0 = Release|Win32
	EndGlobalSection
	GlobalSection(SolutionProperties) = preSolution
		HideSolutionNode = FALSE
	EndGlobalSection
	GlobalSection(ExtensibilityGlobals) = postSolution
		SolutionGuid = {B51A4EB2-BA03-42DC-A9D5-5BB3931C4E43}
	EndGlobalSection
EndGlobal
