
Microsoft Visual Studio Solution File, Format Version 12.00
# Visual Studio Version 16
VisualStudioVersion = 16.0.35325.158
MinimumVisualStudioVersion = 10.0.40219.1
Project("{8BC9CEB8-8B4A-11D0-8D11-00A0C91BC942}") = "Lab_4.1", "Lab_4.1\Lab_4.1.vcxproj", "{C887675D-45BC-440A-AC67-78D46FFFAB40}"
EndProject
Project("{8BC9CEB8-8B4A-11D0-8D11-00A0C91BC942}") = "UnitTest_Lab_4.1", "UnitTest_Lab_4.1\UnitTest_Lab_4.1.vcxproj", "{30252EA7-F185-4346-8B29-4A9601C767FB}"
EndProject
Global
	GlobalSection(SolutionConfigurationPlatforms) = preSolution
		Debug|x64 = Debug|x64
		Debug|x86 = Debug|x86
		Release|x64 = Release|x64
		Release|x86 = Release|x86
	EndGlobalSection
	GlobalSection(ProjectConfigurationPlatforms) = postSolution
		{C887675D-45BC-440A-AC67-78D46FFFAB40}.Debug|x64.ActiveCfg = Debug|x64
		{C887675D-45BC-440A-AC67-78D46FFFAB40}.Debug|x64.Build.0 = Debug|x64
		{C887675D-45BC-440A-AC67-78D46FFFAB40}.Debug|x86.ActiveCfg = Debug|Win32
		{C887675D-45BC-440A-AC67-78D46FFFAB40}.Debug|x86.Build.0 = Debug|Win32
		{C887675D-45BC-440A-AC67-78D46FFFAB40}.Release|x64.ActiveCfg = Release|x64
		{C887675D-45BC-440A-AC67-78D46FFFAB40}.Release|x64.Build.0 = Release|x64
		{C887675D-45BC-440A-AC67-78D46FFFAB40}.Release|x86.ActiveCfg = Release|Win32
		{C887675D-45BC-440A-AC67-78D46FFFAB40}.Release|x86.Build.0 = Release|Win32
		{30252EA7-F185-4346-8B29-4A9601C767FB}.Debug|x64.ActiveCfg = Debug|x64
		{30252EA7-F185-4346-8B29-4A9601C767FB}.Debug|x64.Build.0 = Debug|x64
		{30252EA7-F185-4346-8B29-4A9601C767FB}.Debug|x86.ActiveCfg = Debug|Win32
		{30252EA7-F185-4346-8B29-4A9601C767FB}.Debug|x86.Build.0 = Debug|Win32
		{30252EA7-F185-4346-8B29-4A9601C767FB}.Release|x64.ActiveCfg = Release|x64
		{30252EA7-F185-4346-8B29-4A9601C767FB}.Release|x64.Build.0 = Release|x64
		{30252EA7-F185-4346-8B29-4A9601C767FB}.Release|x86.ActiveCfg = Release|Win32
		{30252EA7-F185-4346-8B29-4A9601C767FB}.Release|x86.Build.0 = Release|Win32
	EndGlobalSection
	GlobalSection(SolutionProperties) = preSolution
		HideSolutionNode = FALSE
	EndGlobalSection
	GlobalSection(ExtensibilityGlobals) = postSolution
		SolutionGuid = {420BACA8-8DF8-4490-A442-DD3097307B8C}
	EndGlobalSection
EndGlobal
