
Microsoft Visual Studio Solution File, Format Version 12.00
# Visual Studio Version 16
VisualStudioVersion = 16.0.35325.158
MinimumVisualStudioVersion = 10.0.40219.1
Project("{8BC9CEB8-8B4A-11D0-8D11-00A0C91BC942}") = "Lab_6.6", "Lab_6.6\Lab_6.6.vcxproj", "{3FD65783-3793-48A0-9929-1E75DBD8CA78}"
EndProject
Project("{8BC9CEB8-8B4A-11D0-8D11-00A0C91BC942}") = "UnitTest_Lab_6.6", "UnitTest_Lab_6.6\UnitTest_Lab_6.6.vcxproj", "{52EDFE36-0CA6-42AE-910C-FEB7AF408CA3}"
EndProject
Global
	GlobalSection(SolutionConfigurationPlatforms) = preSolution
		Debug|x64 = Debug|x64
		Debug|x86 = Debug|x86
		Release|x64 = Release|x64
		Release|x86 = Release|x86
	EndGlobalSection
	GlobalSection(ProjectConfigurationPlatforms) = postSolution
		{3FD65783-3793-48A0-9929-1E75DBD8CA78}.Debug|x64.ActiveCfg = Debug|x64
		{3FD65783-3793-48A0-9929-1E75DBD8CA78}.Debug|x64.Build.0 = Debug|x64
		{3FD65783-3793-48A0-9929-1E75DBD8CA78}.Debug|x86.ActiveCfg = Debug|Win32
		{3FD65783-3793-48A0-9929-1E75DBD8CA78}.Debug|x86.Build.0 = Debug|Win32
		{3FD65783-3793-48A0-9929-1E75DBD8CA78}.Release|x64.ActiveCfg = Release|x64
		{3FD65783-3793-48A0-9929-1E75DBD8CA78}.Release|x64.Build.0 = Release|x64
		{3FD65783-3793-48A0-9929-1E75DBD8CA78}.Release|x86.ActiveCfg = Release|Win32
		{3FD65783-3793-48A0-9929-1E75DBD8CA78}.Release|x86.Build.0 = Release|Win32
		{52EDFE36-0CA6-42AE-910C-FEB7AF408CA3}.Debug|x64.ActiveCfg = Debug|x64
		{52EDFE36-0CA6-42AE-910C-FEB7AF408CA3}.Debug|x64.Build.0 = Debug|x64
		{52EDFE36-0CA6-42AE-910C-FEB7AF408CA3}.Debug|x86.ActiveCfg = Debug|Win32
		{52EDFE36-0CA6-42AE-910C-FEB7AF408CA3}.Debug|x86.Build.0 = Debug|Win32
		{52EDFE36-0CA6-42AE-910C-FEB7AF408CA3}.Release|x64.ActiveCfg = Release|x64
		{52EDFE36-0CA6-42AE-910C-FEB7AF408CA3}.Release|x64.Build.0 = Release|x64
		{52EDFE36-0CA6-42AE-910C-FEB7AF408CA3}.Release|x86.ActiveCfg = Release|Win32
		{52EDFE36-0CA6-42AE-910C-FEB7AF408CA3}.Release|x86.Build.0 = Release|Win32
	EndGlobalSection
	GlobalSection(SolutionProperties) = preSolution
		HideSolutionNode = FALSE
	EndGlobalSection
	GlobalSection(ExtensibilityGlobals) = postSolution
		SolutionGuid = {37841A08-9819-4179-B647-13D3818B08DA}
	EndGlobalSection
EndGlobal
